
Microsoft Visual Studio Solution File, Format Version 12.00
# Visual Studio Version 17
VisualStudioVersion = 17.0.31903.59
MinimumVisualStudioVersion = 10.0.40219.1
Project("{FAE04EC0-301F-11D3-BF4B-00C04F79EFBC}") = "WSGolfDatabas", "WSGolfDatabas\WSGolfDatabas.csproj", "{41CE27D0-9480-4855-BBBA-DB1F75809F4C}"
EndProject
Global
	GlobalSection(SolutionConfigurationPlatforms) = preSolution
		Debug|Any CPU = Debug|Any CPU
		Release|Any CPU = Release|Any CPU
	EndGlobalSection
	GlobalSection(ProjectConfigurationPlatforms) = postSolution
		{41CE27D0-9480-4855-BBBA-DB1F75809F4C}.Debug|Any CPU.ActiveCfg = Debug|Any CPU
		{41CE27D0-9480-4855-BBBA-DB1F75809F4C}.Debug|Any CPU.Build.0 = Debug|Any CPU
		{41CE27D0-9480-4855-BBBA-DB1F75809F4C}.Release|Any CPU.ActiveCfg = Release|Any CPU
		{41CE27D0-9480-4855-BBBA-DB1F75809F4C}.Release|Any CPU.Build.0 = Release|Any CPU
	EndGlobalSection
	GlobalSection(SolutionProperties) = preSolution
		HideSolutionNode = FALSE
	EndGlobalSection
	GlobalSection(ExtensibilityGlobals) = postSolution
		SolutionGuid = {464A6903-343F-493A-B5E0-A7D709347EA0}
	EndGlobalSection
EndGlobal
